
Microsoft Visual Studio Solution File, Format Version 12.00
# Visual Studio Version 17
VisualStudioVersion = 17.0.31903.59
MinimumVisualStudioVersion = 10.0.40219.1
Project("{FAE04EC0-301F-11D3-BF4B-00C04F79EFBC}") = "WorkoutTracker", "WorkoutTracker\WorkoutTracker.csproj", "{4EBD9632-9389-4659-9AEF-B4EF06ECA03F}"
EndProject
Global
	GlobalSection(SolutionConfigurationPlatforms) = preSolution
		Debug|Any CPU = Debug|Any CPU
		Release|Any CPU = Release|Any CPU
	EndGlobalSection
	GlobalSection(ProjectConfigurationPlatforms) = postSolution
		{4EBD9632-9389-4659-9AEF-B4EF06ECA03F}.Debug|Any CPU.ActiveCfg = Debug|Any CPU
		{4EBD9632-9389-4659-9AEF-B4EF06ECA03F}.Debug|Any CPU.Build.0 = Debug|Any CPU
		{4EBD9632-9389-4659-9AEF-B4EF06ECA03F}.Release|Any CPU.ActiveCfg = Release|Any CPU
		{4EBD9632-9389-4659-9AEF-B4EF06ECA03F}.Release|Any CPU.Build.0 = Release|Any CPU
	EndGlobalSection
	GlobalSection(SolutionProperties) = preSolution
		HideSolutionNode = FALSE
	EndGlobalSection
	GlobalSection(ExtensibilityGlobals) = postSolution
		SolutionGuid = {902A53F3-46B3-451D-A112-012EDC3D6876}
	EndGlobalSection
EndGlobal
